
Microsoft Visual Studio Solution File, Format Version 12.00
# Visual Studio Version 16
VisualStudioVersion = 16.0.29411.108
MinimumVisualStudioVersion = 10.0.40219.1
Project("{FAE04EC0-301F-11D3-BF4B-00C04F79EFBC}") = "ArraysLists", "ArraysLists.csproj", "{B2D3BDD5-DA55-4252-B758-8DDF3AA40A59}"
EndProject
Global
	GlobalSection(SolutionConfigurationPlatforms) = preSolution
		Debug|Any CPU = Debug|Any CPU
		Release|Any CPU = Release|Any CPU
	EndGlobalSection
	GlobalSection(ProjectConfigurationPlatforms) = postSolution
		{B2D3BDD5-DA55-4252-B758-8DDF3AA40A59}.Debug|Any CPU.ActiveCfg = Debug|Any CPU
		{B2D3BDD5-DA55-4252-B758-8DDF3AA40A59}.Debug|Any CPU.Build.0 = Debug|Any CPU
		{B2D3BDD5-DA55-4252-B758-8DDF3AA40A59}.Release|Any CPU.ActiveCfg = Release|Any CPU
		{B2D3BDD5-DA55-4252-B758-8DDF3AA40A59}.Release|Any CPU.Build.0 = Release|Any CPU
	EndGlobalSection
	GlobalSection(SolutionProperties) = preSolution
		HideSolutionNode = FALSE
	EndGlobalSection
	GlobalSection(ExtensibilityGlobals) = postSolution
		SolutionGuid = {72F1DE94-9094-4E67-B93B-1AA3D91C70FB}
	EndGlobalSection
EndGlobal
