
Microsoft Visual Studio Solution File, Format Version 12.00
# Visual Studio Version 16
VisualStudioVersion = 16.0.29411.108
MinimumVisualStudioVersion = 10.0.40219.1
Project("{FAE04EC0-301F-11D3-BF4B-00C04F79EFBC}") = "ConsoleApp1", "ConsoleApp1.csproj", "{28633DF6-04D0-460C-957C-F32267947BC2}"
EndProject
Global
	GlobalSection(SolutionConfigurationPlatforms) = preSolution
		Debug|Any CPU = Debug|Any CPU
		Release|Any CPU = Release|Any CPU
	EndGlobalSection
	GlobalSection(ProjectConfigurationPlatforms) = postSolution
		{28633DF6-04D0-460C-957C-F32267947BC2}.Debug|Any CPU.ActiveCfg = Debug|Any CPU
		{28633DF6-04D0-460C-957C-F32267947BC2}.Debug|Any CPU.Build.0 = Debug|Any CPU
		{28633DF6-04D0-460C-957C-F32267947BC2}.Release|Any CPU.ActiveCfg = Release|Any CPU
		{28633DF6-04D0-460C-957C-F32267947BC2}.Release|Any CPU.Build.0 = Release|Any CPU
	EndGlobalSection
	GlobalSection(SolutionProperties) = preSolution
		HideSolutionNode = FALSE
	EndGlobalSection
	GlobalSection(ExtensibilityGlobals) = postSolution
		SolutionGuid = {6D80C901-995B-40D1-AF7B-F31598E68B0C}
	EndGlobalSection
EndGlobal
