
Microsoft Visual Studio Solution File, Format Version 12.00
# Visual Studio Version 16
VisualStudioVersion = 16.0.29411.108
MinimumVisualStudioVersion = 10.0.40219.1
Project("{FAE04EC0-301F-11D3-BF4B-00C04F79EFBC}") = "Struct", "Struct.csproj", "{6E9A7E17-CA2E-40A4-8489-EA4463C75E77}"
EndProject
Global
	GlobalSection(SolutionConfigurationPlatforms) = preSolution
		Debug|Any CPU = Debug|Any CPU
		Release|Any CPU = Release|Any CPU
	EndGlobalSection
	GlobalSection(ProjectConfigurationPlatforms) = postSolution
		{6E9A7E17-CA2E-40A4-8489-EA4463C75E77}.Debug|Any CPU.ActiveCfg = Debug|Any CPU
		{6E9A7E17-CA2E-40A4-8489-EA4463C75E77}.Debug|Any CPU.Build.0 = Debug|Any CPU
		{6E9A7E17-CA2E-40A4-8489-EA4463C75E77}.Release|Any CPU.ActiveCfg = Release|Any CPU
		{6E9A7E17-CA2E-40A4-8489-EA4463C75E77}.Release|Any CPU.Build.0 = Release|Any CPU
	EndGlobalSection
	GlobalSection(SolutionProperties) = preSolution
		HideSolutionNode = FALSE
	EndGlobalSection
	GlobalSection(ExtensibilityGlobals) = postSolution
		SolutionGuid = {D131DD6E-A271-4BFF-9CDF-03E545D201F1}
	EndGlobalSection
EndGlobal
