
Microsoft Visual Studio Solution File, Format Version 12.00
# Visual Studio Version 16
VisualStudioVersion = 16.0.29411.108
MinimumVisualStudioVersion = 10.0.40219.1
Project("{FAE04EC0-301F-11D3-BF4B-00C04F79EFBC}") = "FileIO", "FileIO.csproj", "{9EC07314-26DD-4C1C-93A8-4D4FF804C495}"
EndProject
Global
	GlobalSection(SolutionConfigurationPlatforms) = preSolution
		Debug|Any CPU = Debug|Any CPU
		Release|Any CPU = Release|Any CPU
	EndGlobalSection
	GlobalSection(ProjectConfigurationPlatforms) = postSolution
		{9EC07314-26DD-4C1C-93A8-4D4FF804C495}.Debug|Any CPU.ActiveCfg = Debug|Any CPU
		{9EC07314-26DD-4C1C-93A8-4D4FF804C495}.Debug|Any CPU.Build.0 = Debug|Any CPU
		{9EC07314-26DD-4C1C-93A8-4D4FF804C495}.Release|Any CPU.ActiveCfg = Release|Any CPU
		{9EC07314-26DD-4C1C-93A8-4D4FF804C495}.Release|Any CPU.Build.0 = Release|Any CPU
	EndGlobalSection
	GlobalSection(SolutionProperties) = preSolution
		HideSolutionNode = FALSE
	EndGlobalSection
	GlobalSection(ExtensibilityGlobals) = postSolution
		SolutionGuid = {3364EA4C-AB11-443F-9344-A227FFF09726}
	EndGlobalSection
EndGlobal
