
Microsoft Visual Studio Solution File, Format Version 12.00
# Visual Studio Version 16
VisualStudioVersion = 16.0.29411.108
MinimumVisualStudioVersion = 10.0.40219.1
Project("{FAE04EC0-301F-11D3-BF4B-00C04F79EFBC}") = "Step66", "Step66\Step66.csproj", "{1544B9C6-272E-4D2D-A8B8-E5FF2052847E}"
EndProject
Global
	GlobalSection(SolutionConfigurationPlatforms) = preSolution
		Debug|Any CPU = Debug|Any CPU
		Release|Any CPU = Release|Any CPU
	EndGlobalSection
	GlobalSection(ProjectConfigurationPlatforms) = postSolution
		{1544B9C6-272E-4D2D-A8B8-E5FF2052847E}.Debug|Any CPU.ActiveCfg = Debug|Any CPU
		{1544B9C6-272E-4D2D-A8B8-E5FF2052847E}.Debug|Any CPU.Build.0 = Debug|Any CPU
		{1544B9C6-272E-4D2D-A8B8-E5FF2052847E}.Release|Any CPU.ActiveCfg = Release|Any CPU
		{1544B9C6-272E-4D2D-A8B8-E5FF2052847E}.Release|Any CPU.Build.0 = Release|Any CPU
	EndGlobalSection
	GlobalSection(SolutionProperties) = preSolution
		HideSolutionNode = FALSE
	EndGlobalSection
	GlobalSection(ExtensibilityGlobals) = postSolution
		SolutionGuid = {4D6C0BF5-9819-456E-85C7-EAED3CCEA609}
	EndGlobalSection
EndGlobal
