
Microsoft Visual Studio Solution File, Format Version 12.00
# Visual Studio Version 16
VisualStudioVersion = 16.0.29411.108
MinimumVisualStudioVersion = 10.0.40219.1
Project("{FAE04EC0-301F-11D3-BF4B-00C04F79EFBC}") = "Exception Handling", "Exception Handling.csproj", "{1E6A7EE3-13FF-4A7F-A260-94E377376688}"
EndProject
Global
	GlobalSection(SolutionConfigurationPlatforms) = preSolution
		Debug|Any CPU = Debug|Any CPU
		Release|Any CPU = Release|Any CPU
	EndGlobalSection
	GlobalSection(ProjectConfigurationPlatforms) = postSolution
		{1E6A7EE3-13FF-4A7F-A260-94E377376688}.Debug|Any CPU.ActiveCfg = Debug|Any CPU
		{1E6A7EE3-13FF-4A7F-A260-94E377376688}.Debug|Any CPU.Build.0 = Debug|Any CPU
		{1E6A7EE3-13FF-4A7F-A260-94E377376688}.Release|Any CPU.ActiveCfg = Release|Any CPU
		{1E6A7EE3-13FF-4A7F-A260-94E377376688}.Release|Any CPU.Build.0 = Release|Any CPU
	EndGlobalSection
	GlobalSection(SolutionProperties) = preSolution
		HideSolutionNode = FALSE
	EndGlobalSection
	GlobalSection(ExtensibilityGlobals) = postSolution
		SolutionGuid = {C9BEF77E-16FC-4B72-BF2C-A62E1FF160AC}
	EndGlobalSection
EndGlobal
